// !$*UTF8*$!
{
	archiveVersion = 1;
	classes = {
	};
	objectVersion = 50;
	objects = {

/* Begin PBXBuildFile section */
		2BB1B09C211B749800E0DD8F /* main.cc in Sources */ = {isa = PBXBuildFile; fileRef = 2BB1B08C211B749700E0DD8F /* main.cc */; };
/* End PBXBuildFile section */

/* Begin PBXCopyFilesBuildPhase section */
		2BB1B07F211B743000E0DD8F /* CopyFiles */ = {
			isa = PBXCopyFilesBuildPhase;
			buildActionMask = 2147483647;
			dstPath = /usr/share/man/man1/;
			dstSubfolderSpec = 0;
			files = (
			);
			runOnlyForDeploymentPostprocessing = 1;
		};
/* End PBXCopyFilesBuildPhase section */

/* Begin PBXFileReference section */
		2BB1B081211B743000E0DD8F /* cpp8080 */ = {isa = PBXFileReference; explicitFileType = "compiled.mach-o.executable"; includeInIndex = 0; path = cpp8080; sourceTree = BUILT_PRODUCTS_DIR; };
		2BB1B08C211B749700E0DD8F /* main.cc */ = {isa = PBXFileReference; fileEncoding = 4; lastKnownFileType = sourcecode.cpp.cpp; path = main.cc; sourceTree = "<group>"; };
		2BB1B08F211B749700E0DD8F /* state.hh */ = {isa = PBXFileReference; fileEncoding = 4; lastKnownFileType = sourcecode.cpp.h; path = state.hh; sourceTree = "<group>"; };
		2BB1B090211B749700E0DD8F /* instructions.hh */ = {isa = PBXFileReference; fileEncoding = 4; lastKnownFileType = sourcecode.cpp.h; path = instructions.hh; sourceTree = "<group>"; };
		2BB1B092211B749700E0DD8F /* disassemble.hh */ = {isa = PBXFileReference; fileEncoding = 4; lastKnownFileType = sourcecode.cpp.h; path = disassemble.hh; sourceTree = "<group>"; };
		2BB1B093211B749700E0DD8F /* make_instructions.hh */ = {isa = PBXFileReference; fileEncoding = 4; lastKnownFileType = sourcecode.cpp.h; path = make_instructions.hh; sourceTree = "<group>"; };
		2BB1B094211B749700E0DD8F /* instruction.hh */ = {isa = PBXFileReference; fileEncoding = 4; lastKnownFileType = sourcecode.cpp.h; path = instruction.hh; sourceTree = "<group>"; };
		2BB1B095211B749700E0DD8F /* unimplemented.hh */ = {isa = PBXFileReference; fileEncoding = 4; lastKnownFileType = sourcecode.cpp.h; path = unimplemented.hh; sourceTree = "<group>"; };
		2BB1B096211B749700E0DD8F /* instructions.hh */ = {isa = PBXFileReference; fileEncoding = 4; lastKnownFileType = sourcecode.cpp.h; path = instructions.hh; sourceTree = "<group>"; };
		2BB1B097211B749700E0DD8F /* emulator.hh */ = {isa = PBXFileReference; fileEncoding = 4; lastKnownFileType = sourcecode.cpp.h; path = emulator.hh; sourceTree = "<group>"; };
		2BB1B099211B749700E0DD8F /* cpu_diag.hh */ = {isa = PBXFileReference; fileEncoding = 4; lastKnownFileType = sourcecode.cpp.h; path = cpu_diag.hh; sourceTree = "<group>"; };
		2BB1B09A211B749700E0DD8F /* space_invaders.hh */ = {isa = PBXFileReference; fileEncoding = 4; lastKnownFileType = sourcecode.cpp.h; path = space_invaders.hh; sourceTree = "<group>"; };
		2BB1B09B211B749700E0DD8F /* util.hh */ = {isa = PBXFileReference; fileEncoding = 4; lastKnownFileType = sourcecode.cpp.h; path = util.hh; sourceTree = "<group>"; };
		2BB1B09D211B7B4400E0DD8F /* halt.hh */ = {isa = PBXFileReference; lastKnownFileType = sourcecode.cpp.h; path = halt.hh; sourceTree = "<group>"; };
/* End PBXFileReference section */

/* Begin PBXFrameworksBuildPhase section */
		2BB1B07E211B743000E0DD8F /* Frameworks */ = {
			isa = PBXFrameworksBuildPhase;
			buildActionMask = 2147483647;
			files = (
			);
			runOnlyForDeploymentPostprocessing = 0;
		};
/* End PBXFrameworksBuildPhase section */

/* Begin PBXGroup section */
		2BB1B078211B743000E0DD8F = {
			isa = PBXGroup;
			children = (
				2BB1B08B211B749700E0DD8F /* cpp8080 */,
				2BB1B082211B743000E0DD8F /* exe */,
			);
			sourceTree = "<group>";
		};
		2BB1B082211B743000E0DD8F /* exe */ = {
			isa = PBXGroup;
			children = (
				2BB1B081211B743000E0DD8F /* cpp8080 */,
			);
			name = exe;
			sourceTree = "<group>";
		};
		2BB1B08B211B749700E0DD8F /* cpp8080 */ = {
			isa = PBXGroup;
			children = (
				2BB1B08C211B749700E0DD8F /* main.cc */,
				2BB1B08D211B749700E0DD8F /* cpp8080 */,
			);
			path = cpp8080;
			sourceTree = "<group>";
		};
		2BB1B08D211B749700E0DD8F /* cpp8080 */ = {
			isa = PBXGroup;
			children = (
				2BB1B097211B749700E0DD8F /* emulator.hh */,
				2BB1B09B211B749700E0DD8F /* util.hh */,
				2BB1B098211B749700E0DD8F /* machine */,
				2BB1B091211B749700E0DD8F /* meta */,
				2BB1B08E211B749700E0DD8F /* specific */,
			);
			path = cpp8080;
			sourceTree = "<group>";
		};
		2BB1B08E211B749700E0DD8F /* specific */ = {
			isa = PBXGroup;
			children = (
				2BB1B090211B749700E0DD8F /* instructions.hh */,
				2BB1B09D211B7B4400E0DD8F /* halt.hh */,
				2BB1B08F211B749700E0DD8F /* state.hh */,
			);
			path = specific;
			sourceTree = "<group>";
		};
		2BB1B091211B749700E0DD8F /* meta */ = {
			isa = PBXGroup;
			children = (
				2BB1B092211B749700E0DD8F /* disassemble.hh */,
				2BB1B094211B749700E0DD8F /* instruction.hh */,
				2BB1B096211B749700E0DD8F /* instructions.hh */,
				2BB1B093211B749700E0DD8F /* make_instructions.hh */,
				2BB1B095211B749700E0DD8F /* unimplemented.hh */,
			);
			path = meta;
			sourceTree = "<group>";
		};
		2BB1B098211B749700E0DD8F /* machine */ = {
			isa = PBXGroup;
			children = (
				2BB1B099211B749700E0DD8F /* cpu_diag.hh */,
				2BB1B09A211B749700E0DD8F /* space_invaders.hh */,
			);
			path = machine;
			sourceTree = "<group>";
		};
/* End PBXGroup section */

/* Begin PBXNativeTarget section */
		2BB1B080211B743000E0DD8F /* cpp8080 */ = {
			isa = PBXNativeTarget;
			buildConfigurationList = 2BB1B088211B743000E0DD8F /* Build configuration list for PBXNativeTarget "cpp8080" */;
			buildPhases = (
				2BB1B07D211B743000E0DD8F /* Sources */,
				2BB1B07E211B743000E0DD8F /* Frameworks */,
				2BB1B07F211B743000E0DD8F /* CopyFiles */,
			);
			buildRules = (
			);
			dependencies = (
			);
			name = cpp8080;
			productName = cpp8080;
			productReference = 2BB1B081211B743000E0DD8F /* cpp8080 */;
			productType = "com.apple.product-type.tool";
		};
/* End PBXNativeTarget section */

/* Begin PBXProject section */
		2BB1B079211B743000E0DD8F /* Project object */ = {
			isa = PBXProject;
			attributes = {
				LastUpgradeCheck = 0940;
				ORGANIZATIONNAME = hal;
				TargetAttributes = {
					2BB1B080211B743000E0DD8F = {
						CreatedOnToolsVersion = 9.4.1;
					};
				};
			};
			buildConfigurationList = 2BB1B07C211B743000E0DD8F /* Build configuration list for PBXProject "cpp8080" */;
			compatibilityVersion = "Xcode 9.3";
			developmentRegion = en;
			hasScannedForEncodings = 0;
			knownRegions = (
				en,
			);
			mainGroup = 2BB1B078211B743000E0DD8F;
			productRefGroup = 2BB1B082211B743000E0DD8F /* exe */;
			projectDirPath = "";
			projectRoot = "";
			targets = (
				2BB1B080211B743000E0DD8F /* cpp8080 */,
			);
		};
/* End PBXProject section */

/* Begin PBXSourcesBuildPhase section */
		2BB1B07D211B743000E0DD8F /* Sources */ = {
			isa = PBXSourcesBuildPhase;
			buildActionMask = 2147483647;
			files = (
				2BB1B09C211B749800E0DD8F /* main.cc in Sources */,
			);
			runOnlyForDeploymentPostprocessing = 0;
		};
/* End PBXSourcesBuildPhase section */

/* Begin XCBuildConfiguration section */
		2BB1B086211B743000E0DD8F /* Debug */ = {
			isa = XCBuildConfiguration;
			buildSettings = {
				ALWAYS_SEARCH_USER_PATHS = NO;
				CLANG_ANALYZER_NONNULL = YES;
				CLANG_ANALYZER_NUMBER_OBJECT_CONVERSION = YES_AGGRESSIVE;
				CLANG_CXX_LANGUAGE_STANDARD = "gnu++14";
				CLANG_CXX_LIBRARY = "libc++";
				CLANG_ENABLE_MODULES = YES;
				CLANG_ENABLE_OBJC_ARC = YES;
				CLANG_ENABLE_OBJC_WEAK = YES;
				CLANG_WARN_BLOCK_CAPTURE_AUTORELEASING = YES;
				CLANG_WARN_BOOL_CONVERSION = YES;
				CLANG_WARN_COMMA = YES;
				CLANG_WARN_CONSTANT_CONVERSION = YES;
				CLANG_WARN_DEPRECATED_OBJC_IMPLEMENTATIONS = YES;
				CLANG_WARN_DIRECT_OBJC_ISA_USAGE = YES_ERROR;
				CLANG_WARN_DOCUMENTATION_COMMENTS = YES;
				CLANG_WARN_EMPTY_BODY = YES;
				CLANG_WARN_ENUM_CONVERSION = YES;
				CLANG_WARN_INFINITE_RECURSION = YES;
				CLANG_WARN_INT_CONVERSION = YES;
				CLANG_WARN_NON_LITERAL_NULL_CONVERSION = YES;
				CLANG_WARN_OBJC_IMPLICIT_RETAIN_SELF = YES;
				CLANG_WARN_OBJC_LITERAL_CONVERSION = YES;
				CLANG_WARN_OBJC_ROOT_CLASS = YES_ERROR;
				CLANG_WARN_RANGE_LOOP_ANALYSIS = YES;
				CLANG_WARN_STRICT_PROTOTYPES = YES;
				CLANG_WARN_SUSPICIOUS_MOVE = YES;
				CLANG_WARN_UNGUARDED_AVAILABILITY = YES_AGGRESSIVE;
				CLANG_WARN_UNREACHABLE_CODE = YES;
				CLANG_WARN__DUPLICATE_METHOD_MATCH = YES;
				CODE_SIGN_IDENTITY = "-";
				COPY_PHASE_STRIP = NO;
				DEBUG_INFORMATION_FORMAT = dwarf;
				ENABLE_STRICT_OBJC_MSGSEND = YES;
				ENABLE_TESTABILITY = YES;
				GCC_C_LANGUAGE_STANDARD = gnu11;
				GCC_DYNAMIC_NO_PIC = NO;
				GCC_NO_COMMON_BLOCKS = YES;
				GCC_OPTIMIZATION_LEVEL = 0;
				GCC_PREPROCESSOR_DEFINITIONS = (
					"DEBUG=1",
					"$(inherited)",
				);
				GCC_WARN_64_TO_32_BIT_CONVERSION = YES;
				GCC_WARN_ABOUT_RETURN_TYPE = YES_ERROR;
				GCC_WARN_UNDECLARED_SELECTOR = YES;
				GCC_WARN_UNINITIALIZED_AUTOS = YES_AGGRESSIVE;
				GCC_WARN_UNUSED_FUNCTION = YES;
				GCC_WARN_UNUSED_VARIABLE = YES;
				MACOSX_DEPLOYMENT_TARGET = 10.13;
				MTL_ENABLE_DEBUG_INFO = YES;
				ONLY_ACTIVE_ARCH = YES;
				SDKROOT = macosx;
			};
			name = Debug;
		};
		2BB1B087211B743000E0DD8F /* Release */ = {
			isa = XCBuildConfiguration;
			buildSettings = {
				ALWAYS_SEARCH_USER_PATHS = NO;
				CLANG_ANALYZER_NONNULL = YES;
				CLANG_ANALYZER_NUMBER_OBJECT_CONVERSION = YES_AGGRESSIVE;
				CLANG_CXX_LANGUAGE_STANDARD = "gnu++14";
				CLANG_CXX_LIBRARY = "libc++";
				CLANG_ENABLE_MODULES = YES;
				CLANG_ENABLE_OBJC_ARC = YES;
				CLANG_ENABLE_OBJC_WEAK = YES;
				CLANG_WARN_BLOCK_CAPTURE_AUTORELEASING = YES;
				CLANG_WARN_BOOL_CONVERSION = YES;
				CLANG_WARN_COMMA = YES;
				CLANG_WARN_CONSTANT_CONVERSION = YES;
				CLANG_WARN_DEPRECATED_OBJC_IMPLEMENTATIONS = YES;
				CLANG_WARN_DIRECT_OBJC_ISA_USAGE = YES_ERROR;
				CLANG_WARN_DOCUMENTATION_COMMENTS = YES;
				CLANG_WARN_EMPTY_BODY = YES;
				CLANG_WARN_ENUM_CONVERSION = YES;
				CLANG_WARN_INFINITE_RECURSION = YES;
				CLANG_WARN_INT_CONVERSION = YES;
				CLANG_WARN_NON_LITERAL_NULL_CONVERSION = YES;
				CLANG_WARN_OBJC_IMPLICIT_RETAIN_SELF = YES;
				CLANG_WARN_OBJC_LITERAL_CONVERSION = YES;
				CLANG_WARN_OBJC_ROOT_CLASS = YES_ERROR;
				CLANG_WARN_RANGE_LOOP_ANALYSIS = YES;
				CLANG_WARN_STRICT_PROTOTYPES = YES;
				CLANG_WARN_SUSPICIOUS_MOVE = YES;
				CLANG_WARN_UNGUARDED_AVAILABILITY = YES_AGGRESSIVE;
				CLANG_WARN_UNREACHABLE_CODE = YES;
				CLANG_WARN__DUPLICATE_METHOD_MATCH = YES;
				CODE_SIGN_IDENTITY = "-";
				COPY_PHASE_STRIP = NO;
				DEBUG_INFORMATION_FORMAT = "dwarf-with-dsym";
				ENABLE_NS_ASSERTIONS = NO;
				ENABLE_STRICT_OBJC_MSGSEND = YES;
				GCC_C_LANGUAGE_STANDARD = gnu11;
				GCC_NO_COMMON_BLOCKS = YES;
				GCC_WARN_64_TO_32_BIT_CONVERSION = YES;
				GCC_WARN_ABOUT_RETURN_TYPE = YES_ERROR;
				GCC_WARN_UNDECLARED_SELECTOR = YES;
				GCC_WARN_UNINITIALIZED_AUTOS = YES_AGGRESSIVE;
				GCC_WARN_UNUSED_FUNCTION = YES;
				GCC_WARN_UNUSED_VARIABLE = YES;
				MACOSX_DEPLOYMENT_TARGET = 10.13;
				MTL_ENABLE_DEBUG_INFO = NO;
				SDKROOT = macosx;
			};
			name = Release;
		};
		2BB1B089211B743000E0DD8F /* Debug */ = {
			isa = XCBuildConfiguration;
			buildSettings = {
				CLANG_CXX_LANGUAGE_STANDARD = "c++17";
				CODE_SIGN_STYLE = Automatic;
				PRODUCT_NAME = "$(TARGET_NAME)";
				USER_HEADER_SEARCH_PATHS = "$(SRCROOT)/cpp8080";
			};
			name = Debug;
		};
		2BB1B08A211B743000E0DD8F /* Release */ = {
			isa = XCBuildConfiguration;
			buildSettings = {
				CLANG_CXX_LANGUAGE_STANDARD = "c++17";
				CODE_SIGN_STYLE = Automatic;
				PRODUCT_NAME = "$(TARGET_NAME)";
				USER_HEADER_SEARCH_PATHS = "$(SRCROOT)/cpp8080";
			};
			name = Release;
		};
/* End XCBuildConfiguration section */

/* Begin XCConfigurationList section */
		2BB1B07C211B743000E0DD8F /* Build configuration list for PBXProject "cpp8080" */ = {
			isa = XCConfigurationList;
			buildConfigurations = (
				2BB1B086211B743000E0DD8F /* Debug */,
				2BB1B087211B743000E0DD8F /* Release */,
			);
			defaultConfigurationIsVisible = 0;
			defaultConfigurationName = Release;
		};
		2BB1B088211B743000E0DD8F /* Build configuration list for PBXNativeTarget "cpp8080" */ = {
			isa = XCConfigurationList;
			buildConfigurations = (
				2BB1B089211B743000E0DD8F /* Debug */,
				2BB1B08A211B743000E0DD8F /* Release */,
			);
			defaultConfigurationIsVisible = 0;
			defaultConfigurationName = Release;
		};
/* End XCConfigurationList section */
	};
	rootObject = 2BB1B079211B743000E0DD8F /* Project object */;
}
